
Microsoft Visual Studio Solution File, Format Version 12.00
# Visual Studio Version 17
VisualStudioVersion = 17.2.32616.157
MinimumVisualStudioVersion = 10.0.40219.1
Project("{FAE04EC0-301F-11D3-BF4B-00C04F79EFBC}") = "PENA4 Assignment", "PENA4 Assignment.csproj", "{2A626F37-7C3D-40E4-98EB-B111AEA4E72A}"
EndProject
Global
	GlobalSection(SolutionConfigurationPlatforms) = preSolution
		Debug|Any CPU = Debug|Any CPU
		Release|Any CPU = Release|Any CPU
	EndGlobalSection
	GlobalSection(ProjectConfigurationPlatforms) = postSolution
		{2A626F37-7C3D-40E4-98EB-B111AEA4E72A}.Debug|Any CPU.ActiveCfg = Debug|Any CPU
		{2A626F37-7C3D-40E4-98EB-B111AEA4E72A}.Debug|Any CPU.Build.0 = Debug|Any CPU
		{2A626F37-7C3D-40E4-98EB-B111AEA4E72A}.Release|Any CPU.ActiveCfg = Release|Any CPU
		{2A626F37-7C3D-40E4-98EB-B111AEA4E72A}.Release|Any CPU.Build.0 = Release|Any CPU
	EndGlobalSection
	GlobalSection(SolutionProperties) = preSolution
		HideSolutionNode = FALSE
	EndGlobalSection
	GlobalSection(ExtensibilityGlobals) = postSolution
		SolutionGuid = {1F68F35E-BBFD-433A-8DCA-3492CF8DCA74}
	EndGlobalSection
EndGlobal
